<?xml version="1.0" encoding="UTF-8" standalone="yes" ?>
<CodeBlocks_project_file>
	<FileVersion major="1" minor="6" />
	<Project>
		<Option title="ASD" />
		<Option pch_mode="2" />
		<Option compiler="gcc" />
		<Build>
			<Target title="Debug">
				<Option output="bin/Debug/ASD" prefix_auto="1" extension_auto="1" />
				<Option object_output="obj/Debug/" />
				<Option type="1" />
				<Option compiler="gcc" />
				<Compiler>
					<Add option="-g" />
				</Compiler>
			</Target>
			<Target title="Release">
				<Option output="bin/Release/ASD" prefix_auto="1" extension_auto="1" />
				<Option object_output="obj/Release/" />
				<Option type="1" />
				<Option compiler="gcc" />
				<Compiler>
					<Add option="-O2" />
				</Compiler>
				<Linker>
					<Add option="-s" />
				</Linker>
			</Target>
		</Build>
		<Compiler>
			<Add option="-Wall" />
			<Add option="-fexceptions" />
		</Compiler>
		<Unit filename="Achievements" />
		<Unit filename="BinaryTree.cpp" />
		<Unit filename="BinaryTree.h" />
<<<<<<< HEAD
=======
		<Unit filename="Capitol_1.cpp" />
		<Unit filename="Capitol_1.h" />
>>>>>>> 9aa2b20c4dc9338173157cb14b9dad0136dc6987
		<Unit filename="CharacterCreation.cpp" />
		<Unit filename="CharacterCreation.h" />
		<Unit filename="DATE" />
		<Unit filename="Rezultate" />
		<Unit filename="d.txt" />
<<<<<<< HEAD
		<Unit filename="d_legaturi.txt" />
=======
>>>>>>> 9aa2b20c4dc9338173157cb14b9dad0136dc6987
		<Unit filename="main.cpp" />
		<Extensions>
			<code_completion />
			<envvars />
			<debugger />
		</Extensions>
	</Project>
</CodeBlocks_project_file>
